
Microsoft Visual Studio Solution File, Format Version 11.00
# Visual Studio 2010
Project("{FAE04EC0-301F-11D3-BF4B-00C04F79EFBC}") = "UnityEngine.TestRunner", "UnityEngine.TestRunner.csproj", "{D859E061-AC48-0ECF-C884-1BEE198D12CB}"
EndProject
Project("{FAE04EC0-301F-11D3-BF4B-00C04F79EFBC}") = "Unity.Mathematics", "Unity.Mathematics.csproj", "{FD2AB52F-9467-6D50-14DF-D2E346A91155}"
EndProject
Project("{FAE04EC0-301F-11D3-BF4B-00C04F79EFBC}") = "Unity.2D.Animation.Triangle.Runtime", "Unity.2D.Animation.Triangle.Runtime.csproj", "{E7948D04-8271-08F4-D90B-F1F8CFF544D4}"
EndProject
Project("{FAE04EC0-301F-11D3-BF4B-00C04F79EFBC}") = "Unity.Timeline", "Unity.Timeline.csproj", "{92687CF7-239C-33EA-B1A3-C0C25C863148}"
EndProject
Project("{FAE04EC0-301F-11D3-BF4B-00C04F79EFBC}") = "UnityEngine.UI", "UnityEngine.UI.csproj", "{08768B98-3399-8104-76E8-5F967F3CEA9B}"
EndProject
Project("{FAE04EC0-301F-11D3-BF4B-00C04F79EFBC}") = "Unity.TextMeshPro", "Unity.TextMeshPro.csproj", "{2B0C2E98-6D5C-6B25-AC46-4DEC87D7B52E}"
EndProject
Project("{FAE04EC0-301F-11D3-BF4B-00C04F79EFBC}") = "Unity.2D.Animation.Runtime", "Unity.2D.Animation.Runtime.csproj", "{70961D7F-96EE-95D5-61E8-A2D66875F60B}"
EndProject
Project("{FAE04EC0-301F-11D3-BF4B-00C04F79EFBC}") = "Unity.2D.IK.Runtime", "Unity.2D.IK.Runtime.csproj", "{BC7317EA-6963-3DA3-AE69-9C4FE025C85C}"
EndProject
Project("{FAE04EC0-301F-11D3-BF4B-00C04F79EFBC}") = "Assembly-CSharp", "Assembly-CSharp.csproj", "{A58D1764-D685-2E81-EB83-0EDFF170EAB8}"
EndProject
Project("{FAE04EC0-301F-11D3-BF4B-00C04F79EFBC}") = "Unity.Notifications.Android", "Unity.Notifications.Android.csproj", "{5508D84E-4B09-EE2A-04F8-7A94B6EE3304}"
EndProject
Project("{FAE04EC0-301F-11D3-BF4B-00C04F79EFBC}") = "Unity.2D.SpriteShape.Runtime", "Unity.2D.SpriteShape.Runtime.csproj", "{B9750B5F-9AD9-A768-E8C2-6F27FB485906}"
EndProject
Project("{FAE04EC0-301F-11D3-BF4B-00C04F79EFBC}") = "NavMeshComponents", "NavMeshComponents.csproj", "{C0A0F818-D062-358D-2FE4-6B1E2B5E268C}"
EndProject
Project("{FAE04EC0-301F-11D3-BF4B-00C04F79EFBC}") = "Unity.Notifications.iOS", "Unity.Notifications.iOS.csproj", "{DAC4D27C-7F80-C6F6-ACD9-8DDCC2C5FF7C}"
EndProject
Project("{FAE04EC0-301F-11D3-BF4B-00C04F79EFBC}") = "Unity.2D.PixelPerfect", "Unity.2D.PixelPerfect.csproj", "{04FE6EE1-AFBE-7A9B-9DBB-D623D9CA1975}"
EndProject
Project("{FAE04EC0-301F-11D3-BF4B-00C04F79EFBC}") = "Unity.2D.Common.Runtime", "Unity.2D.Common.Runtime.csproj", "{43FEEADE-94B6-468A-62BE-EA3424C9D357}"
EndProject
Project("{FAE04EC0-301F-11D3-BF4B-00C04F79EFBC}") = "Unity.InternalAPIEngineBridge.001", "Unity.InternalAPIEngineBridge.001.csproj", "{58603244-03F6-0E16-4783-BA61A5FE8B63}"
EndProject
Project("{FAE04EC0-301F-11D3-BF4B-00C04F79EFBC}") = "UnityEditor.TestRunner", "UnityEditor.TestRunner.csproj", "{74527082-9845-1311-A876-CEC0960A3874}"
EndProject
Project("{FAE04EC0-301F-11D3-BF4B-00C04F79EFBC}") = "Unity.PlasticSCM.Editor", "Unity.PlasticSCM.Editor.csproj", "{AFE65BDE-094B-6B0E-0791-C032F5832162}"
EndProject
Project("{FAE04EC0-301F-11D3-BF4B-00C04F79EFBC}") = "UnityEditor.UI", "UnityEditor.UI.csproj", "{36956361-3B00-3065-DA1C-D72A411A9C74}"
EndProject
Project("{FAE04EC0-301F-11D3-BF4B-00C04F79EFBC}") = "Unity.Timeline.Editor", "Unity.Timeline.Editor.csproj", "{EBA29B97-E375-5569-12F5-27C0BFE6D429}"
EndProject
Project("{FAE04EC0-301F-11D3-BF4B-00C04F79EFBC}") = "Unity.VisualStudio.Editor", "Unity.VisualStudio.Editor.csproj", "{A4FD5991-9325-8270-33BB-E692E529DED6}"
EndProject
Project("{FAE04EC0-301F-11D3-BF4B-00C04F79EFBC}") = "Unity.2D.Psdimporter.Editor", "Unity.2D.Psdimporter.Editor.csproj", "{7BD663B4-5DC3-0ACC-FE29-BAF9956562E9}"
EndProject
Project("{FAE04EC0-301F-11D3-BF4B-00C04F79EFBC}") = "Unity.2D.Animation.Editor", "Unity.2D.Animation.Editor.csproj", "{3DDE05FE-3B01-752B-BC36-50CEDDDBFFCB}"
EndProject
Project("{FAE04EC0-301F-11D3-BF4B-00C04F79EFBC}") = "Unity.TextMeshPro.Editor", "Unity.TextMeshPro.Editor.csproj", "{60A8EC1B-98DC-77A1-2394-381CF816282D}"
EndProject
Project("{FAE04EC0-301F-11D3-BF4B-00C04F79EFBC}") = "Unity.2D.SpriteShape.Editor", "Unity.2D.SpriteShape.Editor.csproj", "{75394497-2CDB-5801-3899-54F9237B9A0B}"
EndProject
Project("{FAE04EC0-301F-11D3-BF4B-00C04F79EFBC}") = "Unity.CollabProxy.Editor", "Unity.CollabProxy.Editor.csproj", "{AA0049D9-E92B-70A1-71B8-0FADF20C1997}"
EndProject
Project("{FAE04EC0-301F-11D3-BF4B-00C04F79EFBC}") = "PsdPlugin", "PsdPlugin.csproj", "{2F01CE01-EA44-DDDE-D5E5-DE4F5F427EEC}"
EndProject
Project("{FAE04EC0-301F-11D3-BF4B-00C04F79EFBC}") = "Unity.2D.Path.Editor", "Unity.2D.Path.Editor.csproj", "{171396D9-6863-12F4-D633-FE826B18AB37}"
EndProject
Project("{FAE04EC0-301F-11D3-BF4B-00C04F79EFBC}") = "Unity.Mobile.AndroidLogcat.Editor", "Unity.Mobile.AndroidLogcat.Editor.csproj", "{FCF59509-B1B5-5271-67A6-9ABF3F8C3967}"
EndProject
Project("{FAE04EC0-301F-11D3-BF4B-00C04F79EFBC}") = "Unity.Rider.Editor", "Unity.Rider.Editor.csproj", "{72486D5A-4750-0853-1BEC-91F47765A136}"
EndProject
Project("{FAE04EC0-301F-11D3-BF4B-00C04F79EFBC}") = "NavMeshComponentsEditor", "NavMeshComponentsEditor.csproj", "{52143142-E748-0343-4038-1A5FFD6AA64F}"
EndProject
Project("{FAE04EC0-301F-11D3-BF4B-00C04F79EFBC}") = "Unity.2D.IK.Editor", "Unity.2D.IK.Editor.csproj", "{D8255A8D-1DB9-F201-EB39-039DBD14553B}"
EndProject
Project("{FAE04EC0-301F-11D3-BF4B-00C04F79EFBC}") = "Unity.2D.Sprite.Editor", "Unity.2D.Sprite.Editor.csproj", "{C129FD8D-A606-A677-66C6-9DE9E784AD2E}"
EndProject
Project("{FAE04EC0-301F-11D3-BF4B-00C04F79EFBC}") = "Unity.2D.Tilemap.Editor", "Unity.2D.Tilemap.Editor.csproj", "{654302DC-CEF1-9916-CE23-4C7EA4CC6103}"
EndProject
Project("{FAE04EC0-301F-11D3-BF4B-00C04F79EFBC}") = "Unity.2D.PixelPerfect.Editor", "Unity.2D.PixelPerfect.Editor.csproj", "{F03EC26C-DACB-2131-1EDF-B08FB1CE3C3A}"
EndProject
Project("{FAE04EC0-301F-11D3-BF4B-00C04F79EFBC}") = "Unity.VSCode.Editor", "Unity.VSCode.Editor.csproj", "{FC2CCC20-CCE4-6FB0-AD30-C34F079E05CF}"
EndProject
Project("{FAE04EC0-301F-11D3-BF4B-00C04F79EFBC}") = "Unity.Notifications", "Unity.Notifications.csproj", "{67A89395-9070-DF01-7543-621587A69193}"
EndProject
Project("{FAE04EC0-301F-11D3-BF4B-00C04F79EFBC}") = "Unity.2D.Common.Editor", "Unity.2D.Common.Editor.csproj", "{3264E054-1B74-C683-8B96-8B6C4C1EF0A2}"
EndProject
Project("{FAE04EC0-301F-11D3-BF4B-00C04F79EFBC}") = "Unity.Mathematics.Editor", "Unity.Mathematics.Editor.csproj", "{86CED5B0-4C31-8F3B-DA60-D575666D48B5}"
EndProject
Project("{FAE04EC0-301F-11D3-BF4B-00C04F79EFBC}") = "Unity.InternalAPIEditorBridge.001", "Unity.InternalAPIEditorBridge.001.csproj", "{E2AE5BCF-316D-6E4A-73E6-3474D05B8FEF}"
EndProject
Project("{FAE04EC0-301F-11D3-BF4B-00C04F79EFBC}") = "UnityEngine.TestRunner.Player", "UnityEngine.TestRunner.Player.csproj", "{4ADA5057-0482-0FA5-4721-A751D8D514CA}"
EndProject
Project("{FAE04EC0-301F-11D3-BF4B-00C04F79EFBC}") = "Unity.Mathematics.Player", "Unity.Mathematics.Player.csproj", "{3A1F1A9F-69C0-006E-789E-0887C44B1903}"
EndProject
Project("{FAE04EC0-301F-11D3-BF4B-00C04F79EFBC}") = "Unity.2D.Animation.Triangle.Runtime.Player", "Unity.2D.Animation.Triangle.Runtime.Player.csproj", "{528A7F80-629D-1DE8-3638-EF77EAF80805}"
EndProject
Project("{FAE04EC0-301F-11D3-BF4B-00C04F79EFBC}") = "Unity.Timeline.Player", "Unity.Timeline.Player.csproj", "{C6930938-97CB-6B88-C40B-D0C362D20132}"
EndProject
Project("{FAE04EC0-301F-11D3-BF4B-00C04F79EFBC}") = "UnityEngine.UI.Player", "UnityEngine.UI.Player.csproj", "{F78B9B1A-1C3C-B1F1-C882-F96F7341BABC}"
EndProject
Project("{FAE04EC0-301F-11D3-BF4B-00C04F79EFBC}") = "Unity.TextMeshPro.Player", "Unity.TextMeshPro.Player.csproj", "{1252EEC1-592B-2E84-B733-E1BB3CD568CD}"
EndProject
Project("{FAE04EC0-301F-11D3-BF4B-00C04F79EFBC}") = "Unity.2D.Animation.Runtime.Player", "Unity.2D.Animation.Runtime.Player.csproj", "{FCD592C7-77AD-0DF1-7ABB-F23914F53E14}"
EndProject
Project("{FAE04EC0-301F-11D3-BF4B-00C04F79EFBC}") = "Unity.2D.IK.Runtime.Player", "Unity.2D.IK.Runtime.Player.csproj", "{EAEA6232-92D2-EBA4-9ED7-D8855C0BAFEB}"
EndProject
Project("{FAE04EC0-301F-11D3-BF4B-00C04F79EFBC}") = "Assembly-CSharp.Player", "Assembly-CSharp.Player.csproj", "{65A18569-968D-9C1D-3EB0-8EEC4622C36C}"
EndProject
Project("{FAE04EC0-301F-11D3-BF4B-00C04F79EFBC}") = "Unity.2D.SpriteShape.Runtime.Player", "Unity.2D.SpriteShape.Runtime.Player.csproj", "{6A191FF2-9142-E4A7-860E-FCD4ECAF1887}"
EndProject
Project("{FAE04EC0-301F-11D3-BF4B-00C04F79EFBC}") = "NavMeshComponents.Player", "NavMeshComponents.Player.csproj", "{4A86343F-1362-0616-398E-4DDE64140EE0}"
EndProject
Project("{FAE04EC0-301F-11D3-BF4B-00C04F79EFBC}") = "Unity.2D.PixelPerfect.Player", "Unity.2D.PixelPerfect.Player.csproj", "{A79D91DF-ECC6-602F-8384-C8AAB617D7C9}"
EndProject
Project("{FAE04EC0-301F-11D3-BF4B-00C04F79EFBC}") = "Unity.2D.Common.Runtime.Player", "Unity.2D.Common.Runtime.Player.csproj", "{0581727E-D7D7-A65F-C571-0361993CF3B5}"
EndProject
Project("{FAE04EC0-301F-11D3-BF4B-00C04F79EFBC}") = "Unity.InternalAPIEngineBridge.001.Player", "Unity.InternalAPIEngineBridge.001.Player.csproj", "{7C5A659A-7ABC-F812-5D59-29E6CDBFC33E}"
EndProject
Global
	GlobalSection(SolutionConfigurationPlatforms) = preSolution
		Debug|Any CPU = Debug|Any CPU
		Release|Any CPU = Release|Any CPU
	EndGlobalSection
	GlobalSection(ProjectConfigurationPlatforms) = postSolution
		{D859E061-AC48-0ECF-C884-1BEE198D12CB}.Debug|Any CPU.ActiveCfg = Debug|Any CPU
		{D859E061-AC48-0ECF-C884-1BEE198D12CB}.Debug|Any CPU.Build.0 = Debug|Any CPU
		{D859E061-AC48-0ECF-C884-1BEE198D12CB}.Release|Any CPU.ActiveCfg = Release|Any CPU
		{D859E061-AC48-0ECF-C884-1BEE198D12CB}.Release|Any CPU.Build.0 = Release|Any CPU
		{FD2AB52F-9467-6D50-14DF-D2E346A91155}.Debug|Any CPU.ActiveCfg = Debug|Any CPU
		{FD2AB52F-9467-6D50-14DF-D2E346A91155}.Debug|Any CPU.Build.0 = Debug|Any CPU
		{FD2AB52F-9467-6D50-14DF-D2E346A91155}.Release|Any CPU.ActiveCfg = Release|Any CPU
		{FD2AB52F-9467-6D50-14DF-D2E346A91155}.Release|Any CPU.Build.0 = Release|Any CPU
		{E7948D04-8271-08F4-D90B-F1F8CFF544D4}.Debug|Any CPU.ActiveCfg = Debug|Any CPU
		{E7948D04-8271-08F4-D90B-F1F8CFF544D4}.Debug|Any CPU.Build.0 = Debug|Any CPU
		{E7948D04-8271-08F4-D90B-F1F8CFF544D4}.Release|Any CPU.ActiveCfg = Release|Any CPU
		{E7948D04-8271-08F4-D90B-F1F8CFF544D4}.Release|Any CPU.Build.0 = Release|Any CPU
		{92687CF7-239C-33EA-B1A3-C0C25C863148}.Debug|Any CPU.ActiveCfg = Debug|Any CPU
		{92687CF7-239C-33EA-B1A3-C0C25C863148}.Debug|Any CPU.Build.0 = Debug|Any CPU
		{92687CF7-239C-33EA-B1A3-C0C25C863148}.Release|Any CPU.ActiveCfg = Release|Any CPU
		{92687CF7-239C-33EA-B1A3-C0C25C863148}.Release|Any CPU.Build.0 = Release|Any CPU
		{08768B98-3399-8104-76E8-5F967F3CEA9B}.Debug|Any CPU.ActiveCfg = Debug|Any CPU
		{08768B98-3399-8104-76E8-5F967F3CEA9B}.Debug|Any CPU.Build.0 = Debug|Any CPU
		{08768B98-3399-8104-76E8-5F967F3CEA9B}.Release|Any CPU.ActiveCfg = Release|Any CPU
		{08768B98-3399-8104-76E8-5F967F3CEA9B}.Release|Any CPU.Build.0 = Release|Any CPU
		{2B0C2E98-6D5C-6B25-AC46-4DEC87D7B52E}.Debug|Any CPU.ActiveCfg = Debug|Any CPU
		{2B0C2E98-6D5C-6B25-AC46-4DEC87D7B52E}.Debug|Any CPU.Build.0 = Debug|Any CPU
		{2B0C2E98-6D5C-6B25-AC46-4DEC87D7B52E}.Release|Any CPU.ActiveCfg = Release|Any CPU
		{2B0C2E98-6D5C-6B25-AC46-4DEC87D7B52E}.Release|Any CPU.Build.0 = Release|Any CPU
		{70961D7F-96EE-95D5-61E8-A2D66875F60B}.Debug|Any CPU.ActiveCfg = Debug|Any CPU
		{70961D7F-96EE-95D5-61E8-A2D66875F60B}.Debug|Any CPU.Build.0 = Debug|Any CPU
		{70961D7F-96EE-95D5-61E8-A2D66875F60B}.Release|Any CPU.ActiveCfg = Release|Any CPU
		{70961D7F-96EE-95D5-61E8-A2D66875F60B}.Release|Any CPU.Build.0 = Release|Any CPU
		{BC7317EA-6963-3DA3-AE69-9C4FE025C85C}.Debug|Any CPU.ActiveCfg = Debug|Any CPU
		{BC7317EA-6963-3DA3-AE69-9C4FE025C85C}.Debug|Any CPU.Build.0 = Debug|Any CPU
		{BC7317EA-6963-3DA3-AE69-9C4FE025C85C}.Release|Any CPU.ActiveCfg = Release|Any CPU
		{BC7317EA-6963-3DA3-AE69-9C4FE025C85C}.Release|Any CPU.Build.0 = Release|Any CPU
		{A58D1764-D685-2E81-EB83-0EDFF170EAB8}.Debug|Any CPU.ActiveCfg = Debug|Any CPU
		{A58D1764-D685-2E81-EB83-0EDFF170EAB8}.Debug|Any CPU.Build.0 = Debug|Any CPU
		{A58D1764-D685-2E81-EB83-0EDFF170EAB8}.Release|Any CPU.ActiveCfg = Release|Any CPU
		{A58D1764-D685-2E81-EB83-0EDFF170EAB8}.Release|Any CPU.Build.0 = Release|Any CPU
		{5508D84E-4B09-EE2A-04F8-7A94B6EE3304}.Debug|Any CPU.ActiveCfg = Debug|Any CPU
		{5508D84E-4B09-EE2A-04F8-7A94B6EE3304}.Debug|Any CPU.Build.0 = Debug|Any CPU
		{5508D84E-4B09-EE2A-04F8-7A94B6EE3304}.Release|Any CPU.ActiveCfg = Release|Any CPU
		{5508D84E-4B09-EE2A-04F8-7A94B6EE3304}.Release|Any CPU.Build.0 = Release|Any CPU
		{B9750B5F-9AD9-A768-E8C2-6F27FB485906}.Debug|Any CPU.ActiveCfg = Debug|Any CPU
		{B9750B5F-9AD9-A768-E8C2-6F27FB485906}.Debug|Any CPU.Build.0 = Debug|Any CPU
		{B9750B5F-9AD9-A768-E8C2-6F27FB485906}.Release|Any CPU.ActiveCfg = Release|Any CPU
		{B9750B5F-9AD9-A768-E8C2-6F27FB485906}.Release|Any CPU.Build.0 = Release|Any CPU
		{C0A0F818-D062-358D-2FE4-6B1E2B5E268C}.Debug|Any CPU.ActiveCfg = Debug|Any CPU
		{C0A0F818-D062-358D-2FE4-6B1E2B5E268C}.Debug|Any CPU.Build.0 = Debug|Any CPU
		{C0A0F818-D062-358D-2FE4-6B1E2B5E268C}.Release|Any CPU.ActiveCfg = Release|Any CPU
		{C0A0F818-D062-358D-2FE4-6B1E2B5E268C}.Release|Any CPU.Build.0 = Release|Any CPU
		{DAC4D27C-7F80-C6F6-ACD9-8DDCC2C5FF7C}.Debug|Any CPU.ActiveCfg = Debug|Any CPU
		{DAC4D27C-7F80-C6F6-ACD9-8DDCC2C5FF7C}.Debug|Any CPU.Build.0 = Debug|Any CPU
		{DAC4D27C-7F80-C6F6-ACD9-8DDCC2C5FF7C}.Release|Any CPU.ActiveCfg = Release|Any CPU
		{DAC4D27C-7F80-C6F6-ACD9-8DDCC2C5FF7C}.Release|Any CPU.Build.0 = Release|Any CPU
		{04FE6EE1-AFBE-7A9B-9DBB-D623D9CA1975}.Debug|Any CPU.ActiveCfg = Debug|Any CPU
		{04FE6EE1-AFBE-7A9B-9DBB-D623D9CA1975}.Debug|Any CPU.Build.0 = Debug|Any CPU
		{04FE6EE1-AFBE-7A9B-9DBB-D623D9CA1975}.Release|Any CPU.ActiveCfg = Release|Any CPU
		{04FE6EE1-AFBE-7A9B-9DBB-D623D9CA1975}.Release|Any CPU.Build.0 = Release|Any CPU
		{43FEEADE-94B6-468A-62BE-EA3424C9D357}.Debug|Any CPU.ActiveCfg = Debug|Any CPU
		{43FEEADE-94B6-468A-62BE-EA3424C9D357}.Debug|Any CPU.Build.0 = Debug|Any CPU
		{43FEEADE-94B6-468A-62BE-EA3424C9D357}.Release|Any CPU.ActiveCfg = Release|Any CPU
		{43FEEADE-94B6-468A-62BE-EA3424C9D357}.Release|Any CPU.Build.0 = Release|Any CPU
		{58603244-03F6-0E16-4783-BA61A5FE8B63}.Debug|Any CPU.ActiveCfg = Debug|Any CPU
		{58603244-03F6-0E16-4783-BA61A5FE8B63}.Debug|Any CPU.Build.0 = Debug|Any CPU
		{58603244-03F6-0E16-4783-BA61A5FE8B63}.Release|Any CPU.ActiveCfg = Release|Any CPU
		{58603244-03F6-0E16-4783-BA61A5FE8B63}.Release|Any CPU.Build.0 = Release|Any CPU
		{74527082-9845-1311-A876-CEC0960A3874}.Debug|Any CPU.ActiveCfg = Debug|Any CPU
		{74527082-9845-1311-A876-CEC0960A3874}.Debug|Any CPU.Build.0 = Debug|Any CPU
		{74527082-9845-1311-A876-CEC0960A3874}.Release|Any CPU.ActiveCfg = Release|Any CPU
		{74527082-9845-1311-A876-CEC0960A3874}.Release|Any CPU.Build.0 = Release|Any CPU
		{AFE65BDE-094B-6B0E-0791-C032F5832162}.Debug|Any CPU.ActiveCfg = Debug|Any CPU
		{AFE65BDE-094B-6B0E-0791-C032F5832162}.Debug|Any CPU.Build.0 = Debug|Any CPU
		{AFE65BDE-094B-6B0E-0791-C032F5832162}.Release|Any CPU.ActiveCfg = Release|Any CPU
		{AFE65BDE-094B-6B0E-0791-C032F5832162}.Release|Any CPU.Build.0 = Release|Any CPU
		{36956361-3B00-3065-DA1C-D72A411A9C74}.Debug|Any CPU.ActiveCfg = Debug|Any CPU
		{36956361-3B00-3065-DA1C-D72A411A9C74}.Debug|Any CPU.Build.0 = Debug|Any CPU
		{36956361-3B00-3065-DA1C-D72A411A9C74}.Release|Any CPU.ActiveCfg = Release|Any CPU
		{36956361-3B00-3065-DA1C-D72A411A9C74}.Release|Any CPU.Build.0 = Release|Any CPU
		{EBA29B97-E375-5569-12F5-27C0BFE6D429}.Debug|Any CPU.ActiveCfg = Debug|Any CPU
		{EBA29B97-E375-5569-12F5-27C0BFE6D429}.Debug|Any CPU.Build.0 = Debug|Any CPU
		{EBA29B97-E375-5569-12F5-27C0BFE6D429}.Release|Any CPU.ActiveCfg = Release|Any CPU
		{EBA29B97-E375-5569-12F5-27C0BFE6D429}.Release|Any CPU.Build.0 = Release|Any CPU
		{A4FD5991-9325-8270-33BB-E692E529DED6}.Debug|Any CPU.ActiveCfg = Debug|Any CPU
		{A4FD5991-9325-8270-33BB-E692E529DED6}.Debug|Any CPU.Build.0 = Debug|Any CPU
		{A4FD5991-9325-8270-33BB-E692E529DED6}.Release|Any CPU.ActiveCfg = Release|Any CPU
		{A4FD5991-9325-8270-33BB-E692E529DED6}.Release|Any CPU.Build.0 = Release|Any CPU
		{7BD663B4-5DC3-0ACC-FE29-BAF9956562E9}.Debug|Any CPU.ActiveCfg = Debug|Any CPU
		{7BD663B4-5DC3-0ACC-FE29-BAF9956562E9}.Debug|Any CPU.Build.0 = Debug|Any CPU
		{7BD663B4-5DC3-0ACC-FE29-BAF9956562E9}.Release|Any CPU.ActiveCfg = Release|Any CPU
		{7BD663B4-5DC3-0ACC-FE29-BAF9956562E9}.Release|Any CPU.Build.0 = Release|Any CPU
		{3DDE05FE-3B01-752B-BC36-50CEDDDBFFCB}.Debug|Any CPU.ActiveCfg = Debug|Any CPU
		{3DDE05FE-3B01-752B-BC36-50CEDDDBFFCB}.Debug|Any CPU.Build.0 = Debug|Any CPU
		{3DDE05FE-3B01-752B-BC36-50CEDDDBFFCB}.Release|Any CPU.ActiveCfg = Release|Any CPU
		{3DDE05FE-3B01-752B-BC36-50CEDDDBFFCB}.Release|Any CPU.Build.0 = Release|Any CPU
		{60A8EC1B-98DC-77A1-2394-381CF816282D}.Debug|Any CPU.ActiveCfg = Debug|Any CPU
		{60A8EC1B-98DC-77A1-2394-381CF816282D}.Debug|Any CPU.Build.0 = Debug|Any CPU
		{60A8EC1B-98DC-77A1-2394-381CF816282D}.Release|Any CPU.ActiveCfg = Release|Any CPU
		{60A8EC1B-98DC-77A1-2394-381CF816282D}.Release|Any CPU.Build.0 = Release|Any CPU
		{75394497-2CDB-5801-3899-54F9237B9A0B}.Debug|Any CPU.ActiveCfg = Debug|Any CPU
		{75394497-2CDB-5801-3899-54F9237B9A0B}.Debug|Any CPU.Build.0 = Debug|Any CPU
		{75394497-2CDB-5801-3899-54F9237B9A0B}.Release|Any CPU.ActiveCfg = Release|Any CPU
		{75394497-2CDB-5801-3899-54F9237B9A0B}.Release|Any CPU.Build.0 = Release|Any CPU
		{AA0049D9-E92B-70A1-71B8-0FADF20C1997}.Debug|Any CPU.ActiveCfg = Debug|Any CPU
		{AA0049D9-E92B-70A1-71B8-0FADF20C1997}.Debug|Any CPU.Build.0 = Debug|Any CPU
		{AA0049D9-E92B-70A1-71B8-0FADF20C1997}.Release|Any CPU.ActiveCfg = Release|Any CPU
		{AA0049D9-E92B-70A1-71B8-0FADF20C1997}.Release|Any CPU.Build.0 = Release|Any CPU
		{2F01CE01-EA44-DDDE-D5E5-DE4F5F427EEC}.Debug|Any CPU.ActiveCfg = Debug|Any CPU
		{2F01CE01-EA44-DDDE-D5E5-DE4F5F427EEC}.Debug|Any CPU.Build.0 = Debug|Any CPU
		{2F01CE01-EA44-DDDE-D5E5-DE4F5F427EEC}.Release|Any CPU.ActiveCfg = Release|Any CPU
		{2F01CE01-EA44-DDDE-D5E5-DE4F5F427EEC}.Release|Any CPU.Build.0 = Release|Any CPU
		{171396D9-6863-12F4-D633-FE826B18AB37}.Debug|Any CPU.ActiveCfg = Debug|Any CPU
		{171396D9-6863-12F4-D633-FE826B18AB37}.Debug|Any CPU.Build.0 = Debug|Any CPU
		{171396D9-6863-12F4-D633-FE826B18AB37}.Release|Any CPU.ActiveCfg = Release|Any CPU
		{171396D9-6863-12F4-D633-FE826B18AB37}.Release|Any CPU.Build.0 = Release|Any CPU
		{FCF59509-B1B5-5271-67A6-9ABF3F8C3967}.Debug|Any CPU.ActiveCfg = Debug|Any CPU
		{FCF59509-B1B5-5271-67A6-9ABF3F8C3967}.Debug|Any CPU.Build.0 = Debug|Any CPU
		{FCF59509-B1B5-5271-67A6-9ABF3F8C3967}.Release|Any CPU.ActiveCfg = Release|Any CPU
		{FCF59509-B1B5-5271-67A6-9ABF3F8C3967}.Release|Any CPU.Build.0 = Release|Any CPU
		{72486D5A-4750-0853-1BEC-91F47765A136}.Debug|Any CPU.ActiveCfg = Debug|Any CPU
		{72486D5A-4750-0853-1BEC-91F47765A136}.Debug|Any CPU.Build.0 = Debug|Any CPU
		{72486D5A-4750-0853-1BEC-91F47765A136}.Release|Any CPU.ActiveCfg = Release|Any CPU
		{72486D5A-4750-0853-1BEC-91F47765A136}.Release|Any CPU.Build.0 = Release|Any CPU
		{52143142-E748-0343-4038-1A5FFD6AA64F}.Debug|Any CPU.ActiveCfg = Debug|Any CPU
		{52143142-E748-0343-4038-1A5FFD6AA64F}.Debug|Any CPU.Build.0 = Debug|Any CPU
		{52143142-E748-0343-4038-1A5FFD6AA64F}.Release|Any CPU.ActiveCfg = Release|Any CPU
		{52143142-E748-0343-4038-1A5FFD6AA64F}.Release|Any CPU.Build.0 = Release|Any CPU
		{D8255A8D-1DB9-F201-EB39-039DBD14553B}.Debug|Any CPU.ActiveCfg = Debug|Any CPU
		{D8255A8D-1DB9-F201-EB39-039DBD14553B}.Debug|Any CPU.Build.0 = Debug|Any CPU
		{D8255A8D-1DB9-F201-EB39-039DBD14553B}.Release|Any CPU.ActiveCfg = Release|Any CPU
		{D8255A8D-1DB9-F201-EB39-039DBD14553B}.Release|Any CPU.Build.0 = Release|Any CPU
		{C129FD8D-A606-A677-66C6-9DE9E784AD2E}.Debug|Any CPU.ActiveCfg = Debug|Any CPU
		{C129FD8D-A606-A677-66C6-9DE9E784AD2E}.Debug|Any CPU.Build.0 = Debug|Any CPU
		{C129FD8D-A606-A677-66C6-9DE9E784AD2E}.Release|Any CPU.ActiveCfg = Release|Any CPU
		{C129FD8D-A606-A677-66C6-9DE9E784AD2E}.Release|Any CPU.Build.0 = Release|Any CPU
		{654302DC-CEF1-9916-CE23-4C7EA4CC6103}.Debug|Any CPU.ActiveCfg = Debug|Any CPU
		{654302DC-CEF1-9916-CE23-4C7EA4CC6103}.Debug|Any CPU.Build.0 = Debug|Any CPU
		{654302DC-CEF1-9916-CE23-4C7EA4CC6103}.Release|Any CPU.ActiveCfg = Release|Any CPU
		{654302DC-CEF1-9916-CE23-4C7EA4CC6103}.Release|Any CPU.Build.0 = Release|Any CPU
		{F03EC26C-DACB-2131-1EDF-B08FB1CE3C3A}.Debug|Any CPU.ActiveCfg = Debug|Any CPU
		{F03EC26C-DACB-2131-1EDF-B08FB1CE3C3A}.Debug|Any CPU.Build.0 = Debug|Any CPU
		{F03EC26C-DACB-2131-1EDF-B08FB1CE3C3A}.Release|Any CPU.ActiveCfg = Release|Any CPU
		{F03EC26C-DACB-2131-1EDF-B08FB1CE3C3A}.Release|Any CPU.Build.0 = Release|Any CPU
		{FC2CCC20-CCE4-6FB0-AD30-C34F079E05CF}.Debug|Any CPU.ActiveCfg = Debug|Any CPU
		{FC2CCC20-CCE4-6FB0-AD30-C34F079E05CF}.Debug|Any CPU.Build.0 = Debug|Any CPU
		{FC2CCC20-CCE4-6FB0-AD30-C34F079E05CF}.Release|Any CPU.ActiveCfg = Release|Any CPU
		{FC2CCC20-CCE4-6FB0-AD30-C34F079E05CF}.Release|Any CPU.Build.0 = Release|Any CPU
		{67A89395-9070-DF01-7543-621587A69193}.Debug|Any CPU.ActiveCfg = Debug|Any CPU
		{67A89395-9070-DF01-7543-621587A69193}.Debug|Any CPU.Build.0 = Debug|Any CPU
		{67A89395-9070-DF01-7543-621587A69193}.Release|Any CPU.ActiveCfg = Release|Any CPU
		{67A89395-9070-DF01-7543-621587A69193}.Release|Any CPU.Build.0 = Release|Any CPU
		{3264E054-1B74-C683-8B96-8B6C4C1EF0A2}.Debug|Any CPU.ActiveCfg = Debug|Any CPU
		{3264E054-1B74-C683-8B96-8B6C4C1EF0A2}.Debug|Any CPU.Build.0 = Debug|Any CPU
		{3264E054-1B74-C683-8B96-8B6C4C1EF0A2}.Release|Any CPU.ActiveCfg = Release|Any CPU
		{3264E054-1B74-C683-8B96-8B6C4C1EF0A2}.Release|Any CPU.Build.0 = Release|Any CPU
		{86CED5B0-4C31-8F3B-DA60-D575666D48B5}.Debug|Any CPU.ActiveCfg = Debug|Any CPU
		{86CED5B0-4C31-8F3B-DA60-D575666D48B5}.Debug|Any CPU.Build.0 = Debug|Any CPU
		{86CED5B0-4C31-8F3B-DA60-D575666D48B5}.Release|Any CPU.ActiveCfg = Release|Any CPU
		{86CED5B0-4C31-8F3B-DA60-D575666D48B5}.Release|Any CPU.Build.0 = Release|Any CPU
		{E2AE5BCF-316D-6E4A-73E6-3474D05B8FEF}.Debug|Any CPU.ActiveCfg = Debug|Any CPU
		{E2AE5BCF-316D-6E4A-73E6-3474D05B8FEF}.Debug|Any CPU.Build.0 = Debug|Any CPU
		{E2AE5BCF-316D-6E4A-73E6-3474D05B8FEF}.Release|Any CPU.ActiveCfg = Release|Any CPU
		{E2AE5BCF-316D-6E4A-73E6-3474D05B8FEF}.Release|Any CPU.Build.0 = Release|Any CPU
		{4ADA5057-0482-0FA5-4721-A751D8D514CA}.Debug|Any CPU.ActiveCfg = Debug|Any CPU
		{4ADA5057-0482-0FA5-4721-A751D8D514CA}.Debug|Any CPU.Build.0 = Debug|Any CPU
		{4ADA5057-0482-0FA5-4721-A751D8D514CA}.Release|Any CPU.ActiveCfg = Release|Any CPU
		{4ADA5057-0482-0FA5-4721-A751D8D514CA}.Release|Any CPU.Build.0 = Release|Any CPU
		{3A1F1A9F-69C0-006E-789E-0887C44B1903}.Debug|Any CPU.ActiveCfg = Debug|Any CPU
		{3A1F1A9F-69C0-006E-789E-0887C44B1903}.Debug|Any CPU.Build.0 = Debug|Any CPU
		{3A1F1A9F-69C0-006E-789E-0887C44B1903}.Release|Any CPU.ActiveCfg = Release|Any CPU
		{3A1F1A9F-69C0-006E-789E-0887C44B1903}.Release|Any CPU.Build.0 = Release|Any CPU
		{528A7F80-629D-1DE8-3638-EF77EAF80805}.Debug|Any CPU.ActiveCfg = Debug|Any CPU
		{528A7F80-629D-1DE8-3638-EF77EAF80805}.Debug|Any CPU.Build.0 = Debug|Any CPU
		{528A7F80-629D-1DE8-3638-EF77EAF80805}.Release|Any CPU.ActiveCfg = Release|Any CPU
		{528A7F80-629D-1DE8-3638-EF77EAF80805}.Release|Any CPU.Build.0 = Release|Any CPU
		{C6930938-97CB-6B88-C40B-D0C362D20132}.Debug|Any CPU.ActiveCfg = Debug|Any CPU
		{C6930938-97CB-6B88-C40B-D0C362D20132}.Debug|Any CPU.Build.0 = Debug|Any CPU
		{C6930938-97CB-6B88-C40B-D0C362D20132}.Release|Any CPU.ActiveCfg = Release|Any CPU
		{C6930938-97CB-6B88-C40B-D0C362D20132}.Release|Any CPU.Build.0 = Release|Any CPU
		{F78B9B1A-1C3C-B1F1-C882-F96F7341BABC}.Debug|Any CPU.ActiveCfg = Debug|Any CPU
		{F78B9B1A-1C3C-B1F1-C882-F96F7341BABC}.Debug|Any CPU.Build.0 = Debug|Any CPU
		{F78B9B1A-1C3C-B1F1-C882-F96F7341BABC}.Release|Any CPU.ActiveCfg = Release|Any CPU
		{F78B9B1A-1C3C-B1F1-C882-F96F7341BABC}.Release|Any CPU.Build.0 = Release|Any CPU
		{1252EEC1-592B-2E84-B733-E1BB3CD568CD}.Debug|Any CPU.ActiveCfg = Debug|Any CPU
		{1252EEC1-592B-2E84-B733-E1BB3CD568CD}.Debug|Any CPU.Build.0 = Debug|Any CPU
		{1252EEC1-592B-2E84-B733-E1BB3CD568CD}.Release|Any CPU.ActiveCfg = Release|Any CPU
		{1252EEC1-592B-2E84-B733-E1BB3CD568CD}.Release|Any CPU.Build.0 = Release|Any CPU
		{FCD592C7-77AD-0DF1-7ABB-F23914F53E14}.Debug|Any CPU.ActiveCfg = Debug|Any CPU
		{FCD592C7-77AD-0DF1-7ABB-F23914F53E14}.Debug|Any CPU.Build.0 = Debug|Any CPU
		{FCD592C7-77AD-0DF1-7ABB-F23914F53E14}.Release|Any CPU.ActiveCfg = Release|Any CPU
		{FCD592C7-77AD-0DF1-7ABB-F23914F53E14}.Release|Any CPU.Build.0 = Release|Any CPU
		{EAEA6232-92D2-EBA4-9ED7-D8855C0BAFEB}.Debug|Any CPU.ActiveCfg = Debug|Any CPU
		{EAEA6232-92D2-EBA4-9ED7-D8855C0BAFEB}.Debug|Any CPU.Build.0 = Debug|Any CPU
		{EAEA6232-92D2-EBA4-9ED7-D8855C0BAFEB}.Release|Any CPU.ActiveCfg = Release|Any CPU
		{EAEA6232-92D2-EBA4-9ED7-D8855C0BAFEB}.Release|Any CPU.Build.0 = Release|Any CPU
		{65A18569-968D-9C1D-3EB0-8EEC4622C36C}.Debug|Any CPU.ActiveCfg = Debug|Any CPU
		{65A18569-968D-9C1D-3EB0-8EEC4622C36C}.Debug|Any CPU.Build.0 = Debug|Any CPU
		{65A18569-968D-9C1D-3EB0-8EEC4622C36C}.Release|Any CPU.ActiveCfg = Release|Any CPU
		{65A18569-968D-9C1D-3EB0-8EEC4622C36C}.Release|Any CPU.Build.0 = Release|Any CPU
		{6A191FF2-9142-E4A7-860E-FCD4ECAF1887}.Debug|Any CPU.ActiveCfg = Debug|Any CPU
		{6A191FF2-9142-E4A7-860E-FCD4ECAF1887}.Debug|Any CPU.Build.0 = Debug|Any CPU
		{6A191FF2-9142-E4A7-860E-FCD4ECAF1887}.Release|Any CPU.ActiveCfg = Release|Any CPU
		{6A191FF2-9142-E4A7-860E-FCD4ECAF1887}.Release|Any CPU.Build.0 = Release|Any CPU
		{4A86343F-1362-0616-398E-4DDE64140EE0}.Debug|Any CPU.ActiveCfg = Debug|Any CPU
		{4A86343F-1362-0616-398E-4DDE64140EE0}.Debug|Any CPU.Build.0 = Debug|Any CPU
		{4A86343F-1362-0616-398E-4DDE64140EE0}.Release|Any CPU.ActiveCfg = Release|Any CPU
		{4A86343F-1362-0616-398E-4DDE64140EE0}.Release|Any CPU.Build.0 = Release|Any CPU
		{A79D91DF-ECC6-602F-8384-C8AAB617D7C9}.Debug|Any CPU.ActiveCfg = Debug|Any CPU
		{A79D91DF-ECC6-602F-8384-C8AAB617D7C9}.Debug|Any CPU.Build.0 = Debug|Any CPU
		{A79D91DF-ECC6-602F-8384-C8AAB617D7C9}.Release|Any CPU.ActiveCfg = Release|Any CPU
		{A79D91DF-ECC6-602F-8384-C8AAB617D7C9}.Release|Any CPU.Build.0 = Release|Any CPU
		{0581727E-D7D7-A65F-C571-0361993CF3B5}.Debug|Any CPU.ActiveCfg = Debug|Any CPU
		{0581727E-D7D7-A65F-C571-0361993CF3B5}.Debug|Any CPU.Build.0 = Debug|Any CPU
		{0581727E-D7D7-A65F-C571-0361993CF3B5}.Release|Any CPU.ActiveCfg = Release|Any CPU
		{0581727E-D7D7-A65F-C571-0361993CF3B5}.Release|Any CPU.Build.0 = Release|Any CPU
		{7C5A659A-7ABC-F812-5D59-29E6CDBFC33E}.Debug|Any CPU.ActiveCfg = Debug|Any CPU
		{7C5A659A-7ABC-F812-5D59-29E6CDBFC33E}.Debug|Any CPU.Build.0 = Debug|Any CPU
		{7C5A659A-7ABC-F812-5D59-29E6CDBFC33E}.Release|Any CPU.ActiveCfg = Release|Any CPU
		{7C5A659A-7ABC-F812-5D59-29E6CDBFC33E}.Release|Any CPU.Build.0 = Release|Any CPU
	EndGlobalSection
	GlobalSection(SolutionProperties) = preSolution
		HideSolutionNode = FALSE
	EndGlobalSection
EndGlobal
